
Microsoft Visual Studio Solution File, Format Version 12.00
# Visual Studio Version 16
VisualStudioVersion = 16.0.33214.272
MinimumVisualStudioVersion = 10.0.40219.1
Project("{FAE04EC0-301F-11D3-BF4B-00C04F79EFBC}") = "Assignment2Programming3", "Assignment2Programming3.csproj", "{5D35768F-18F1-456C-A6FB-5EB450C984A0}"
EndProject
Global
	GlobalSection(SolutionConfigurationPlatforms) = preSolution
		Debug|Any CPU = Debug|Any CPU
		Release|Any CPU = Release|Any CPU
	EndGlobalSection
	GlobalSection(ProjectConfigurationPlatforms) = postSolution
		{5D35768F-18F1-456C-A6FB-5EB450C984A0}.Debug|Any CPU.ActiveCfg = Debug|Any CPU
		{5D35768F-18F1-456C-A6FB-5EB450C984A0}.Debug|Any CPU.Build.0 = Debug|Any CPU
		{5D35768F-18F1-456C-A6FB-5EB450C984A0}.Release|Any CPU.ActiveCfg = Release|Any CPU
		{5D35768F-18F1-456C-A6FB-5EB450C984A0}.Release|Any CPU.Build.0 = Release|Any CPU
	EndGlobalSection
	GlobalSection(SolutionProperties) = preSolution
		HideSolutionNode = FALSE
	EndGlobalSection
	GlobalSection(ExtensibilityGlobals) = postSolution
		SolutionGuid = {5ED1FA6A-96B3-4ACC-8CEE-6186808CD322}
	EndGlobalSection
EndGlobal
